<?xml version="1.0" encoding="utf-8"?>
<Project ToolsVersion="17.0" xmlns="http://schemas.microsoft.com/developer/msbuild/2003">
  <ItemGroup>
    <CustomBuild Include="C:\Users\Ryder\2023_20466053\Worksheet_6\build-Worksheet6_Exercise1_Qt-Desktop_Qt_6_6_2_MSVC2019_64bit-Debug\CMakeFiles\99613e337f1307791f70e9eeca8020e9\generate.stamp.rule">
      <Filter>CMake Rules</Filter>
    </CustomBuild>
  </ItemGroup>
  <ItemGroup>
    <Filter Include="CMake Rules">
      <UniqueIdentifier>{0F99D416-8FB8-3807-BBAF-3975A3E8C41C}</UniqueIdentifier>
    </Filter>
  </ItemGroup>
</Project>
