
Microsoft Visual Studio Solution File, Format Version 12.00
# Visual Studio Version 17
Project("{8BC9CEB8-8B4A-11D0-8D11-00A0C91BC942}") = "ALL_BUILD", "ALL_BUILD.vcxproj", "{37B692F5-98FC-3CE2-82CF-77DF9A5D1AE9}"
	ProjectSection(ProjectDependencies) = postProject
		{467F781A-3B15-33D7-A995-B4AD88B9ECB8} = {467F781A-3B15-33D7-A995-B4AD88B9ECB8}
		{5B0AC92E-1555-3B99-8C8E-DAE876BC59AA} = {5B0AC92E-1555-3B99-8C8E-DAE876BC59AA}
	EndProjectSection
EndProject
Project("{8BC9CEB8-8B4A-11D0-8D11-00A0C91BC942}") = "INSTALL", "INSTALL.vcxproj", "{AA326CB9-3868-3779-8E5A-4227B634E246}"
	ProjectSection(ProjectDependencies) = postProject
		{37B692F5-98FC-3CE2-82CF-77DF9A5D1AE9} = {37B692F5-98FC-3CE2-82CF-77DF9A5D1AE9}
		{5B0AC92E-1555-3B99-8C8E-DAE876BC59AA} = {5B0AC92E-1555-3B99-8C8E-DAE876BC59AA}
	EndProjectSection
EndProject
Project("{8BC9CEB8-8B4A-11D0-8D11-00A0C91BC942}") = "VRBindings", "VRBindings.vcxproj", "{D35FCFB1-D0CE-3F90-8085-E13350EE62E1}"
	ProjectSection(ProjectDependencies) = postProject
		{5B0AC92E-1555-3B99-8C8E-DAE876BC59AA} = {5B0AC92E-1555-3B99-8C8E-DAE876BC59AA}
	EndProjectSection
EndProject
Project("{8BC9CEB8-8B4A-11D0-8D11-00A0C91BC942}") = "VTKproject", "VTKproject.vcxproj", "{467F781A-3B15-33D7-A995-B4AD88B9ECB8}"
	ProjectSection(ProjectDependencies) = postProject
		{2D527FF1-09CA-31DF-82CB-CF60645D9235} = {2D527FF1-09CA-31DF-82CB-CF60645D9235}
		{5B0AC92E-1555-3B99-8C8E-DAE876BC59AA} = {5B0AC92E-1555-3B99-8C8E-DAE876BC59AA}
	EndProjectSection
EndProject
Project("{8BC9CEB8-8B4A-11D0-8D11-00A0C91BC942}") = "VTKproject_qmlimportscan", "VTKproject_qmlimportscan.vcxproj", "{2D527FF1-09CA-31DF-82CB-CF60645D9235}"
	ProjectSection(ProjectDependencies) = postProject
		{5B0AC92E-1555-3B99-8C8E-DAE876BC59AA} = {5B0AC92E-1555-3B99-8C8E-DAE876BC59AA}
	EndProjectSection
EndProject
Project("{8BC9CEB8-8B4A-11D0-8D11-00A0C91BC942}") = "ZERO_CHECK", "ZERO_CHECK.vcxproj", "{5B0AC92E-1555-3B99-8C8E-DAE876BC59AA}"
	ProjectSection(ProjectDependencies) = postProject
	EndProjectSection
EndProject
Global
	GlobalSection(SolutionConfigurationPlatforms) = preSolution
		Debug|x64 = Debug|x64
		Release|x64 = Release|x64
		MinSizeRel|x64 = MinSizeRel|x64
		RelWithDebInfo|x64 = RelWithDebInfo|x64
	EndGlobalSection
	GlobalSection(ProjectConfigurationPlatforms) = postSolution
		{37B692F5-98FC-3CE2-82CF-77DF9A5D1AE9}.Debug|x64.ActiveCfg = Debug|x64
		{37B692F5-98FC-3CE2-82CF-77DF9A5D1AE9}.Debug|x64.Build.0 = Debug|x64
		{37B692F5-98FC-3CE2-82CF-77DF9A5D1AE9}.Release|x64.ActiveCfg = Release|x64
		{37B692F5-98FC-3CE2-82CF-77DF9A5D1AE9}.Release|x64.Build.0 = Release|x64
		{37B692F5-98FC-3CE2-82CF-77DF9A5D1AE9}.MinSizeRel|x64.ActiveCfg = MinSizeRel|x64
		{37B692F5-98FC-3CE2-82CF-77DF9A5D1AE9}.MinSizeRel|x64.Build.0 = MinSizeRel|x64
		{37B692F5-98FC-3CE2-82CF-77DF9A5D1AE9}.RelWithDebInfo|x64.ActiveCfg = RelWithDebInfo|x64
		{37B692F5-98FC-3CE2-82CF-77DF9A5D1AE9}.RelWithDebInfo|x64.Build.0 = RelWithDebInfo|x64
		{AA326CB9-3868-3779-8E5A-4227B634E246}.Debug|x64.ActiveCfg = Debug|x64
		{AA326CB9-3868-3779-8E5A-4227B634E246}.Release|x64.ActiveCfg = Release|x64
		{AA326CB9-3868-3779-8E5A-4227B634E246}.MinSizeRel|x64.ActiveCfg = MinSizeRel|x64
		{AA326CB9-3868-3779-8E5A-4227B634E246}.RelWithDebInfo|x64.ActiveCfg = RelWithDebInfo|x64
		{D35FCFB1-D0CE-3F90-8085-E13350EE62E1}.Debug|x64.ActiveCfg = Debug|x64
		{D35FCFB1-D0CE-3F90-8085-E13350EE62E1}.Release|x64.ActiveCfg = Release|x64
		{D35FCFB1-D0CE-3F90-8085-E13350EE62E1}.MinSizeRel|x64.ActiveCfg = MinSizeRel|x64
		{D35FCFB1-D0CE-3F90-8085-E13350EE62E1}.RelWithDebInfo|x64.ActiveCfg = RelWithDebInfo|x64
		{467F781A-3B15-33D7-A995-B4AD88B9ECB8}.Debug|x64.ActiveCfg = Debug|x64
		{467F781A-3B15-33D7-A995-B4AD88B9ECB8}.Debug|x64.Build.0 = Debug|x64
		{467F781A-3B15-33D7-A995-B4AD88B9ECB8}.Release|x64.ActiveCfg = Release|x64
		{467F781A-3B15-33D7-A995-B4AD88B9ECB8}.Release|x64.Build.0 = Release|x64
		{467F781A-3B15-33D7-A995-B4AD88B9ECB8}.MinSizeRel|x64.ActiveCfg = MinSizeRel|x64
		{467F781A-3B15-33D7-A995-B4AD88B9ECB8}.MinSizeRel|x64.Build.0 = MinSizeRel|x64
		{467F781A-3B15-33D7-A995-B4AD88B9ECB8}.RelWithDebInfo|x64.ActiveCfg = RelWithDebInfo|x64
		{467F781A-3B15-33D7-A995-B4AD88B9ECB8}.RelWithDebInfo|x64.Build.0 = RelWithDebInfo|x64
		{2D527FF1-09CA-31DF-82CB-CF60645D9235}.Debug|x64.ActiveCfg = Debug|x64
		{2D527FF1-09CA-31DF-82CB-CF60645D9235}.Debug|x64.Build.0 = Debug|x64
		{2D527FF1-09CA-31DF-82CB-CF60645D9235}.Release|x64.ActiveCfg = Release|x64
		{2D527FF1-09CA-31DF-82CB-CF60645D9235}.Release|x64.Build.0 = Release|x64
		{2D527FF1-09CA-31DF-82CB-CF60645D9235}.MinSizeRel|x64.ActiveCfg = MinSizeRel|x64
		{2D527FF1-09CA-31DF-82CB-CF60645D9235}.MinSizeRel|x64.Build.0 = MinSizeRel|x64
		{2D527FF1-09CA-31DF-82CB-CF60645D9235}.RelWithDebInfo|x64.ActiveCfg = RelWithDebInfo|x64
		{2D527FF1-09CA-31DF-82CB-CF60645D9235}.RelWithDebInfo|x64.Build.0 = RelWithDebInfo|x64
		{5B0AC92E-1555-3B99-8C8E-DAE876BC59AA}.Debug|x64.ActiveCfg = Debug|x64
		{5B0AC92E-1555-3B99-8C8E-DAE876BC59AA}.Debug|x64.Build.0 = Debug|x64
		{5B0AC92E-1555-3B99-8C8E-DAE876BC59AA}.Release|x64.ActiveCfg = Release|x64
		{5B0AC92E-1555-3B99-8C8E-DAE876BC59AA}.Release|x64.Build.0 = Release|x64
		{5B0AC92E-1555-3B99-8C8E-DAE876BC59AA}.MinSizeRel|x64.ActiveCfg = MinSizeRel|x64
		{5B0AC92E-1555-3B99-8C8E-DAE876BC59AA}.MinSizeRel|x64.Build.0 = MinSizeRel|x64
		{5B0AC92E-1555-3B99-8C8E-DAE876BC59AA}.RelWithDebInfo|x64.ActiveCfg = RelWithDebInfo|x64
		{5B0AC92E-1555-3B99-8C8E-DAE876BC59AA}.RelWithDebInfo|x64.Build.0 = RelWithDebInfo|x64
	EndGlobalSection
	GlobalSection(ExtensibilityGlobals) = postSolution
		SolutionGuid = {57FEF783-6CA7-3099-800C-3295A9286A3B}
	EndGlobalSection
	GlobalSection(ExtensibilityAddIns) = postSolution
	EndGlobalSection
EndGlobal
